
Microsoft Visual Studio Solution File, Format Version 12.00
# Visual Studio Version 17
VisualStudioVersion = 17.0.32112.339
MinimumVisualStudioVersion = 10.0.40219.1
Project("{9A19103F-16F7-4668-BE54-9A1E7A4F7556}") = "KTLT_2022", "KTLT_2022\KTLT_2022.csproj", "{39EEC82E-CE41-40A2-BB94-13CDEB84F1AD}"
EndProject
Global
	GlobalSection(SolutionConfigurationPlatforms) = preSolution
		Debug|Any CPU = Debug|Any CPU
		Release|Any CPU = Release|Any CPU
	EndGlobalSection
	GlobalSection(ProjectConfigurationPlatforms) = postSolution
		{39EEC82E-CE41-40A2-BB94-13CDEB84F1AD}.Debug|Any CPU.ActiveCfg = Debug|Any CPU
		{39EEC82E-CE41-40A2-BB94-13CDEB84F1AD}.Debug|Any CPU.Build.0 = Debug|Any CPU
		{39EEC82E-CE41-40A2-BB94-13CDEB84F1AD}.Release|Any CPU.ActiveCfg = Release|Any CPU
		{39EEC82E-CE41-40A2-BB94-13CDEB84F1AD}.Release|Any CPU.Build.0 = Release|Any CPU
	EndGlobalSection
	GlobalSection(SolutionProperties) = preSolution
		HideSolutionNode = FALSE
	EndGlobalSection
	GlobalSection(ExtensibilityGlobals) = postSolution
		SolutionGuid = {FD85DE8C-BCCB-4A5C-9BF1-4937E40164E4}
	EndGlobalSection
EndGlobal
